{
    "_meta": {
        "hash": {
            "sha256": "1fa379e7d2eb53a1daf527d1d847afd0381e096279311ac3dd316c137963e7e0"
        },
        "pipfile-spec": 6,
        "requires": {
            "python_version": "3.12"
        },
        "sources": [
            {
                "name": "pypi",
                "url": "https://pypi.org/simple",
                "verify_ssl": true
            }
        ]
    },
    "default": {
        "pydub": {
            "hashes": [
                "sha256:65617e33033874b59d87db603aa1ed450633288aefead953b30bded59cb599a6",
                "sha256:980a33ce9949cab2a569606b65674d748ecbca4f0796887fd6f46173a7b0d30f"
            ],
            "index": "pypi",
            "version": "==0.25.1"
        },
        "speechrecognition": {
            "hashes": [
                "sha256:2b5d16a7dce2dbf5f90d9c4d5aefe96325518abdc963059ec16dad9e4f2c09d3",
                "sha256:c767f8558e111a65e9a56905b04eaec2331f87d5011379381621f47aded6c4fe"
            ],
            "index": "pypi",
            "markers": "python_version >= '3.9'",
            "version": "==3.14.1"
        },
        "typing-extensions": {
            "hashes": [
                "sha256:04e5ca0351e0f3f85c6853954072df659d0d13fac324d0072316b67d7794700d",
                "sha256:1a7ead55c7e559dd4dee8856e3a88b41225abfe1ce8df57b7c13915fe121ffb8"
            ],
            "markers": "python_version >= '3.8'",
            "version": "==4.12.2"
        }
    },
    "develop": {}
}
